<?xml version="1.0" encoding="utf-8"?>
<Project ToolsVersion="4.0" xmlns="http://schemas.microsoft.com/developer/msbuild/2003">
  <ItemGroup>
    <Filter Include="Source Files">
      <UniqueIdentifier>{4FC737F1-C7A5-4376-A066-2A32D752A2FF}</UniqueIdentifier>
      <Extensions>cpp;c;cc;cxx;c++;cppm;ixx;def;odl;idl;hpj;bat;asm;asmx</Extensions>
    </Filter>
    <Filter Include="Header Files">
      <UniqueIdentifier>{93995380-89BD-4b04-88EB-625FBE52EBFB}</UniqueIdentifier>
      <Extensions>h;hh;hpp;hxx;h++;hm;inl;inc;ipp;xsd</Extensions>
    </Filter>
    <Filter Include="Resource Files">
      <UniqueIdentifier>{67DA6AB6-F800-4c08-8B7A-83BB121AAD01}</UniqueIdentifier>
      <Extensions>rc;ico;cur;bmp;dlg;rc2;rct;bin;rgs;gif;jpg;jpeg;jpe;resx;tiff;tif;png;wav;mfcribbon-ms</Extensions>
    </Filter>
  </ItemGroup>
  <ItemGroup>
    <ClCompile Include="main.cpp">
      <Filter>Source Files</Filter>
    </ClCompile>
    <ClCompile Include="FillArr.cpp">
      <Filter>Source Files</Filter>
    </ClCompile>
    <ClCompile Include="PrintArr.cpp">
      <Filter>Source Files</Filter>
    </ClCompile>
    <ClCompile Include="Allocate.cpp">
      <Filter>Source Files</Filter>
    </ClCompile>
    <ClCompile Include="Clear.cpp">
      <Filter>Source Files</Filter>
    </ClCompile>
    <ClCompile Include="PushBack.cpp">
      <Filter>Source Files</Filter>
    </ClCompile>
    <ClCompile Include="PushFront.cpp">
      <Filter>Source Files</Filter>
    </ClCompile>
    <ClCompile Include="Insert.cpp">
      <Filter>Source Files</Filter>
    </ClCompile>
    <ClCompile Include="PopBack.cpp">
      <Filter>Source Files</Filter>
    </ClCompile>
    <ClCompile Include="PopFront.cpp">
      <Filter>Source Files</Filter>
    </ClCompile>
    <ClCompile Include="Erase.cpp">
      <Filter>Source Files</Filter>
    </ClCompile>
    <ClCompile Include="PushRowBack.cpp">
      <Filter>Source Files</Filter>
    </ClCompile>
    <ClCompile Include="PushRowFront.cpp">
      <Filter>Source Files</Filter>
    </ClCompile>
    <ClCompile Include="InsertRow.cpp">
      <Filter>Source Files</Filter>
    </ClCompile>
    <ClCompile Include="PopRowBack.cpp">
      <Filter>Source Files</Filter>
    </ClCompile>
    <ClCompile Include="PopRowFront.cpp">
      <Filter>Source Files</Filter>
    </ClCompile>
    <ClCompile Include="EraseRow.cpp">
      <Filter>Source Files</Filter>
    </ClCompile>
    <ClCompile Include="PushColBack.cpp">
      <Filter>Source Files</Filter>
    </ClCompile>
    <ClCompile Include="PushColFront.cpp">
      <Filter>Source Files</Filter>
    </ClCompile>
    <ClCompile Include="InsertCol.cpp">
      <Filter>Source Files</Filter>
    </ClCompile>
    <ClCompile Include="PopColBack.cpp">
      <Filter>Source Files</Filter>
    </ClCompile>
    <ClCompile Include="PopColFront.cpp">
      <Filter>Source Files</Filter>
    </ClCompile>
    <ClCompile Include="EraseCol.cpp">
      <Filter>Source Files</Filter>
    </ClCompile>
  </ItemGroup>
  <ItemGroup>
    <ClInclude Include="stdafx.h">
      <Filter>Header Files</Filter>
    </ClInclude>
    <ClInclude Include="FillArr.h">
      <Filter>Header Files</Filter>
    </ClInclude>
    <ClInclude Include="PrintArr.h">
      <Filter>Header Files</Filter>
    </ClInclude>
    <ClInclude Include="Allocate.h">
      <Filter>Header Files</Filter>
    </ClInclude>
    <ClInclude Include="Clear.h">
      <Filter>Header Files</Filter>
    </ClInclude>
    <ClInclude Include="PushBack.h">
      <Filter>Header Files</Filter>
    </ClInclude>
    <ClInclude Include="PushFront.h">
      <Filter>Header Files</Filter>
    </ClInclude>
    <ClInclude Include="Insert.h">
      <Filter>Header Files</Filter>
    </ClInclude>
    <ClInclude Include="PopBack.h">
      <Filter>Header Files</Filter>
    </ClInclude>
    <ClInclude Include="PopFront.h">
      <Filter>Header Files</Filter>
    </ClInclude>
    <ClInclude Include="Erase.h">
      <Filter>Header Files</Filter>
    </ClInclude>
    <ClInclude Include="PushRowBack.h">
      <Filter>Header Files</Filter>
    </ClInclude>
    <ClInclude Include="PushRowFront.h">
      <Filter>Header Files</Filter>
    </ClInclude>
    <ClInclude Include="InsertRow.h">
      <Filter>Header Files</Filter>
    </ClInclude>
    <ClInclude Include="PopRowBack.h">
      <Filter>Header Files</Filter>
    </ClInclude>
    <ClInclude Include="PopRowFront.h">
      <Filter>Header Files</Filter>
    </ClInclude>
    <ClInclude Include="EraseRow.h">
      <Filter>Header Files</Filter>
    </ClInclude>
    <ClInclude Include="PushColBack.h">
      <Filter>Header Files</Filter>
    </ClInclude>
    <ClInclude Include="PushColFront.h">
      <Filter>Header Files</Filter>
    </ClInclude>
    <ClInclude Include="InsertCol.h">
      <Filter>Header Files</Filter>
    </ClInclude>
    <ClInclude Include="PopColBack.h">
      <Filter>Header Files</Filter>
    </ClInclude>
    <ClInclude Include="PopColFront.h">
      <Filter>Header Files</Filter>
    </ClInclude>
    <ClInclude Include="EraseCol.h">
      <Filter>Header Files</Filter>
    </ClInclude>
  </ItemGroup>
</Project>